
Microsoft Visual Studio Solution File, Format Version 12.00
# Visual Studio Version 17
VisualStudioVersion = 17.8.34525.116
MinimumVisualStudioVersion = 10.0.40219.1
Project("{9A19103F-16F7-4668-BE54-9A1E7A4F7556}") = "MatchGame", "MatchGame\MatchGame.csproj", "{97D25AAE-22DB-45D0-9B8E-7BDA7D58FACA}"
EndProject
Global
	GlobalSection(SolutionConfigurationPlatforms) = preSolution
		Debug|Any CPU = Debug|Any CPU
		Release|Any CPU = Release|Any CPU
	EndGlobalSection
	GlobalSection(ProjectConfigurationPlatforms) = postSolution
		{97D25AAE-22DB-45D0-9B8E-7BDA7D58FACA}.Debug|Any CPU.ActiveCfg = Debug|Any CPU
		{97D25AAE-22DB-45D0-9B8E-7BDA7D58FACA}.Debug|Any CPU.Build.0 = Debug|Any CPU
		{97D25AAE-22DB-45D0-9B8E-7BDA7D58FACA}.Release|Any CPU.ActiveCfg = Release|Any CPU
		{97D25AAE-22DB-45D0-9B8E-7BDA7D58FACA}.Release|Any CPU.Build.0 = Release|Any CPU
	EndGlobalSection
	GlobalSection(SolutionProperties) = preSolution
		HideSolutionNode = FALSE
	EndGlobalSection
	GlobalSection(ExtensibilityGlobals) = postSolution
		SolutionGuid = {44E48484-5B89-493A-80B6-22090B772C92}
	EndGlobalSection
EndGlobal
